
Microsoft Visual Studio Solution File, Format Version 12.00
# Visual Studio Version 16
VisualStudioVersion = 16.0.29920.165
MinimumVisualStudioVersion = 10.0.40219.1
Project("{FAE04EC0-301F-11D3-BF4B-00C04F79EFBC}") = "Project3", "Project3\Project3.csproj", "{D33F3E4F-5B2C-4683-BE90-B304C1774D36}"
EndProject
Global
	GlobalSection(SolutionConfigurationPlatforms) = preSolution
		Debug|Any CPU = Debug|Any CPU
		Release|Any CPU = Release|Any CPU
	EndGlobalSection
	GlobalSection(ProjectConfigurationPlatforms) = postSolution
		{D33F3E4F-5B2C-4683-BE90-B304C1774D36}.Debug|Any CPU.ActiveCfg = Debug|Any CPU
		{D33F3E4F-5B2C-4683-BE90-B304C1774D36}.Debug|Any CPU.Build.0 = Debug|Any CPU
		{D33F3E4F-5B2C-4683-BE90-B304C1774D36}.Release|Any CPU.ActiveCfg = Release|Any CPU
		{D33F3E4F-5B2C-4683-BE90-B304C1774D36}.Release|Any CPU.Build.0 = Release|Any CPU
	EndGlobalSection
	GlobalSection(SolutionProperties) = preSolution
		HideSolutionNode = FALSE
	EndGlobalSection
	GlobalSection(ExtensibilityGlobals) = postSolution
		SolutionGuid = {ECDA1CC5-29DA-4095-8656-FE7113FBE40B}
	EndGlobalSection
EndGlobal
